
Microsoft Visual Studio Solution File, Format Version 12.00
# Visual Studio Version 16
VisualStudioVersion = 16.0.30413.136
MinimumVisualStudioVersion = 10.0.40219.1
Project("{FAE04EC0-301F-11D3-BF4B-00C04F79EFBC}") = "App2.UWP", "App2\App2.UWP\App2.UWP.csproj", "{8BCE0BF4-2279-4C66-A416-47C16438266E}"
EndProject
Project("{FAE04EC0-301F-11D3-BF4B-00C04F79EFBC}") = "App2.Android", "App2\App2.Android\App2.Android.csproj", "{C8CED47A-2341-4F29-BA29-B1297AD47612}"
EndProject
Project("{FAE04EC0-301F-11D3-BF4B-00C04F79EFBC}") = "App2.iOS", "App2\App2.iOS\App2.iOS.csproj", "{3090E60D-547D-4BF0-9389-65519394CFFE}"
EndProject
Project("{FAE04EC0-301F-11D3-BF4B-00C04F79EFBC}") = "App2", "App2\App2\App2.csproj", "{D6EBE622-EFB0-4FA3-92C9-C7666FE64216}"
EndProject
Global
	GlobalSection(SolutionConfigurationPlatforms) = preSolution
		Debug|Any CPU = Debug|Any CPU
		Debug|ARM = Debug|ARM
		Debug|iPhone = Debug|iPhone
		Debug|iPhoneSimulator = Debug|iPhoneSimulator
		Debug|x64 = Debug|x64
		Debug|x86 = Debug|x86
		Release|Any CPU = Release|Any CPU
		Release|ARM = Release|ARM
		Release|iPhone = Release|iPhone
		Release|iPhoneSimulator = Release|iPhoneSimulator
		Release|x64 = Release|x64
		Release|x86 = Release|x86
	EndGlobalSection
	GlobalSection(ProjectConfigurationPlatforms) = postSolution
		{8BCE0BF4-2279-4C66-A416-47C16438266E}.Debug|Any CPU.ActiveCfg = Debug|x86
		{8BCE0BF4-2279-4C66-A416-47C16438266E}.Debug|Any CPU.Build.0 = Debug|x86
		{8BCE0BF4-2279-4C66-A416-47C16438266E}.Debug|Any CPU.Deploy.0 = Debug|x86
		{8BCE0BF4-2279-4C66-A416-47C16438266E}.Debug|ARM.ActiveCfg = Debug|ARM
		{8BCE0BF4-2279-4C66-A416-47C16438266E}.Debug|ARM.Build.0 = Debug|ARM
		{8BCE0BF4-2279-4C66-A416-47C16438266E}.Debug|ARM.Deploy.0 = Debug|ARM
		{8BCE0BF4-2279-4C66-A416-47C16438266E}.Debug|iPhone.ActiveCfg = Debug|x86
		{8BCE0BF4-2279-4C66-A416-47C16438266E}.Debug|iPhone.Build.0 = Debug|x86
		{8BCE0BF4-2279-4C66-A416-47C16438266E}.Debug|iPhone.Deploy.0 = Debug|x86
		{8BCE0BF4-2279-4C66-A416-47C16438266E}.Debug|iPhoneSimulator.ActiveCfg = Debug|x86
		{8BCE0BF4-2279-4C66-A416-47C16438266E}.Debug|iPhoneSimulator.Build.0 = Debug|x86
		{8BCE0BF4-2279-4C66-A416-47C16438266E}.Debug|iPhoneSimulator.Deploy.0 = Debug|x86
		{8BCE0BF4-2279-4C66-A416-47C16438266E}.Debug|x64.ActiveCfg = Debug|x64
		{8BCE0BF4-2279-4C66-A416-47C16438266E}.Debug|x64.Build.0 = Debug|x64
		{8BCE0BF4-2279-4C66-A416-47C16438266E}.Debug|x64.Deploy.0 = Debug|x64
		{8BCE0BF4-2279-4C66-A416-47C16438266E}.Debug|x86.ActiveCfg = Debug|x86
		{8BCE0BF4-2279-4C66-A416-47C16438266E}.Debug|x86.Build.0 = Debug|x86
		{8BCE0BF4-2279-4C66-A416-47C16438266E}.Debug|x86.Deploy.0 = Debug|x86
		{8BCE0BF4-2279-4C66-A416-47C16438266E}.Release|Any CPU.ActiveCfg = Release|x86
		{8BCE0BF4-2279-4C66-A416-47C16438266E}.Release|Any CPU.Build.0 = Release|x86
		{8BCE0BF4-2279-4C66-A416-47C16438266E}.Release|Any CPU.Deploy.0 = Release|x86
		{8BCE0BF4-2279-4C66-A416-47C16438266E}.Release|ARM.ActiveCfg = Release|ARM
		{8BCE0BF4-2279-4C66-A416-47C16438266E}.Release|ARM.Build.0 = Release|ARM
		{8BCE0BF4-2279-4C66-A416-47C16438266E}.Release|ARM.Deploy.0 = Release|ARM
		{8BCE0BF4-2279-4C66-A416-47C16438266E}.Release|iPhone.ActiveCfg = Release|x86
		{8BCE0BF4-2279-4C66-A416-47C16438266E}.Release|iPhone.Build.0 = Release|x86
		{8BCE0BF4-2279-4C66-A416-47C16438266E}.Release|iPhone.Deploy.0 = Release|x86
		{8BCE0BF4-2279-4C66-A416-47C16438266E}.Release|iPhoneSimulator.ActiveCfg = Release|x86
		{8BCE0BF4-2279-4C66-A416-47C16438266E}.Release|iPhoneSimulator.Build.0 = Release|x86
		{8BCE0BF4-2279-4C66-A416-47C16438266E}.Release|iPhoneSimulator.Deploy.0 = Release|x86
		{8BCE0BF4-2279-4C66-A416-47C16438266E}.Release|x64.ActiveCfg = Release|x64
		{8BCE0BF4-2279-4C66-A416-47C16438266E}.Release|x64.Build.0 = Release|x64
		{8BCE0BF4-2279-4C66-A416-47C16438266E}.Release|x64.Deploy.0 = Release|x64
		{8BCE0BF4-2279-4C66-A416-47C16438266E}.Release|x86.ActiveCfg = Release|x86
		{8BCE0BF4-2279-4C66-A416-47C16438266E}.Release|x86.Build.0 = Release|x86
		{8BCE0BF4-2279-4C66-A416-47C16438266E}.Release|x86.Deploy.0 = Release|x86
		{C8CED47A-2341-4F29-BA29-B1297AD47612}.Debug|Any CPU.ActiveCfg = Debug|Any CPU
		{C8CED47A-2341-4F29-BA29-B1297AD47612}.Debug|Any CPU.Build.0 = Debug|Any CPU
		{C8CED47A-2341-4F29-BA29-B1297AD47612}.Debug|Any CPU.Deploy.0 = Debug|Any CPU
		{C8CED47A-2341-4F29-BA29-B1297AD47612}.Debug|ARM.ActiveCfg = Debug|Any CPU
		{C8CED47A-2341-4F29-BA29-B1297AD47612}.Debug|ARM.Build.0 = Debug|Any CPU
		{C8CED47A-2341-4F29-BA29-B1297AD47612}.Debug|ARM.Deploy.0 = Debug|Any CPU
		{C8CED47A-2341-4F29-BA29-B1297AD47612}.Debug|iPhone.ActiveCfg = Debug|Any CPU
		{C8CED47A-2341-4F29-BA29-B1297AD47612}.Debug|iPhone.Build.0 = Debug|Any CPU
		{C8CED47A-2341-4F29-BA29-B1297AD47612}.Debug|iPhone.Deploy.0 = Debug|Any CPU
		{C8CED47A-2341-4F29-BA29-B1297AD47612}.Debug|iPhoneSimulator.ActiveCfg = Debug|Any CPU
		{C8CED47A-2341-4F29-BA29-B1297AD47612}.Debug|iPhoneSimulator.Build.0 = Debug|Any CPU
		{C8CED47A-2341-4F29-BA29-B1297AD47612}.Debug|iPhoneSimulator.Deploy.0 = Debug|Any CPU
		{C8CED47A-2341-4F29-BA29-B1297AD47612}.Debug|x64.ActiveCfg = Debug|Any CPU
		{C8CED47A-2341-4F29-BA29-B1297AD47612}.Debug|x64.Build.0 = Debug|Any CPU
		{C8CED47A-2341-4F29-BA29-B1297AD47612}.Debug|x64.Deploy.0 = Debug|Any CPU
		{C8CED47A-2341-4F29-BA29-B1297AD47612}.Debug|x86.ActiveCfg = Debug|Any CPU
		{C8CED47A-2341-4F29-BA29-B1297AD47612}.Debug|x86.Build.0 = Debug|Any CPU
		{C8CED47A-2341-4F29-BA29-B1297AD47612}.Debug|x86.Deploy.0 = Debug|Any CPU
		{C8CED47A-2341-4F29-BA29-B1297AD47612}.Release|Any CPU.ActiveCfg = Release|Any CPU
		{C8CED47A-2341-4F29-BA29-B1297AD47612}.Release|Any CPU.Build.0 = Release|Any CPU
		{C8CED47A-2341-4F29-BA29-B1297AD47612}.Release|Any CPU.Deploy.0 = Release|Any CPU
		{C8CED47A-2341-4F29-BA29-B1297AD47612}.Release|ARM.ActiveCfg = Release|Any CPU
		{C8CED47A-2341-4F29-BA29-B1297AD47612}.Release|ARM.Build.0 = Release|Any CPU
		{C8CED47A-2341-4F29-BA29-B1297AD47612}.Release|ARM.Deploy.0 = Release|Any CPU
		{C8CED47A-2341-4F29-BA29-B1297AD47612}.Release|iPhone.ActiveCfg = Release|Any CPU
		{C8CED47A-2341-4F29-BA29-B1297AD47612}.Release|iPhone.Build.0 = Release|Any CPU
		{C8CED47A-2341-4F29-BA29-B1297AD47612}.Release|iPhone.Deploy.0 = Release|Any CPU
		{C8CED47A-2341-4F29-BA29-B1297AD47612}.Release|iPhoneSimulator.ActiveCfg = Release|Any CPU
		{C8CED47A-2341-4F29-BA29-B1297AD47612}.Release|iPhoneSimulator.Build.0 = Release|Any CPU
		{C8CED47A-2341-4F29-BA29-B1297AD47612}.Release|iPhoneSimulator.Deploy.0 = Release|Any CPU
		{C8CED47A-2341-4F29-BA29-B1297AD47612}.Release|x64.ActiveCfg = Release|Any CPU
		{C8CED47A-2341-4F29-BA29-B1297AD47612}.Release|x64.Build.0 = Release|Any CPU
		{C8CED47A-2341-4F29-BA29-B1297AD47612}.Release|x64.Deploy.0 = Release|Any CPU
		{C8CED47A-2341-4F29-BA29-B1297AD47612}.Release|x86.ActiveCfg = Release|Any CPU
		{C8CED47A-2341-4F29-BA29-B1297AD47612}.Release|x86.Build.0 = Release|Any CPU
		{C8CED47A-2341-4F29-BA29-B1297AD47612}.Release|x86.Deploy.0 = Release|Any CPU
		{3090E60D-547D-4BF0-9389-65519394CFFE}.Debug|Any CPU.ActiveCfg = Debug|iPhone
		{3090E60D-547D-4BF0-9389-65519394CFFE}.Debug|Any CPU.Build.0 = Debug|iPhone
		{3090E60D-547D-4BF0-9389-65519394CFFE}.Debug|Any CPU.Deploy.0 = Debug|iPhone
		{3090E60D-547D-4BF0-9389-65519394CFFE}.Debug|ARM.ActiveCfg = Debug|iPhone
		{3090E60D-547D-4BF0-9389-65519394CFFE}.Debug|ARM.Build.0 = Debug|iPhone
		{3090E60D-547D-4BF0-9389-65519394CFFE}.Debug|ARM.Deploy.0 = Debug|iPhone
		{3090E60D-547D-4BF0-9389-65519394CFFE}.Debug|iPhone.ActiveCfg = Debug|iPhone
		{3090E60D-547D-4BF0-9389-65519394CFFE}.Debug|iPhone.Build.0 = Debug|iPhone
		{3090E60D-547D-4BF0-9389-65519394CFFE}.Debug|iPhone.Deploy.0 = Debug|iPhone
		{3090E60D-547D-4BF0-9389-65519394CFFE}.Debug|iPhoneSimulator.ActiveCfg = Debug|iPhoneSimulator
		{3090E60D-547D-4BF0-9389-65519394CFFE}.Debug|iPhoneSimulator.Build.0 = Debug|iPhoneSimulator
		{3090E60D-547D-4BF0-9389-65519394CFFE}.Debug|iPhoneSimulator.Deploy.0 = Debug|iPhoneSimulator
		{3090E60D-547D-4BF0-9389-65519394CFFE}.Debug|x64.ActiveCfg = Debug|iPhone
		{3090E60D-547D-4BF0-9389-65519394CFFE}.Debug|x64.Build.0 = Debug|iPhone
		{3090E60D-547D-4BF0-9389-65519394CFFE}.Debug|x64.Deploy.0 = Debug|iPhone
		{3090E60D-547D-4BF0-9389-65519394CFFE}.Debug|x86.ActiveCfg = Debug|iPhone
		{3090E60D-547D-4BF0-9389-65519394CFFE}.Debug|x86.Build.0 = Debug|iPhone
		{3090E60D-547D-4BF0-9389-65519394CFFE}.Debug|x86.Deploy.0 = Debug|iPhone
		{3090E60D-547D-4BF0-9389-65519394CFFE}.Release|Any CPU.ActiveCfg = Release|iPhone
		{3090E60D-547D-4BF0-9389-65519394CFFE}.Release|Any CPU.Build.0 = Release|iPhone
		{3090E60D-547D-4BF0-9389-65519394CFFE}.Release|Any CPU.Deploy.0 = Release|iPhone
		{3090E60D-547D-4BF0-9389-65519394CFFE}.Release|ARM.ActiveCfg = Release|iPhone
		{3090E60D-547D-4BF0-9389-65519394CFFE}.Release|ARM.Build.0 = Release|iPhone
		{3090E60D-547D-4BF0-9389-65519394CFFE}.Release|ARM.Deploy.0 = Release|iPhone
		{3090E60D-547D-4BF0-9389-65519394CFFE}.Release|iPhone.ActiveCfg = Release|iPhone
		{3090E60D-547D-4BF0-9389-65519394CFFE}.Release|iPhone.Build.0 = Release|iPhone
		{3090E60D-547D-4BF0-9389-65519394CFFE}.Release|iPhone.Deploy.0 = Release|iPhone
		{3090E60D-547D-4BF0-9389-65519394CFFE}.Release|iPhoneSimulator.ActiveCfg = Release|iPhoneSimulator
		{3090E60D-547D-4BF0-9389-65519394CFFE}.Release|iPhoneSimulator.Build.0 = Release|iPhoneSimulator
		{3090E60D-547D-4BF0-9389-65519394CFFE}.Release|iPhoneSimulator.Deploy.0 = Release|iPhoneSimulator
		{3090E60D-547D-4BF0-9389-65519394CFFE}.Release|x64.ActiveCfg = Release|iPhone
		{3090E60D-547D-4BF0-9389-65519394CFFE}.Release|x64.Build.0 = Release|iPhone
		{3090E60D-547D-4BF0-9389-65519394CFFE}.Release|x64.Deploy.0 = Release|iPhone
		{3090E60D-547D-4BF0-9389-65519394CFFE}.Release|x86.ActiveCfg = Release|iPhone
		{3090E60D-547D-4BF0-9389-65519394CFFE}.Release|x86.Build.0 = Release|iPhone
		{3090E60D-547D-4BF0-9389-65519394CFFE}.Release|x86.Deploy.0 = Release|iPhone
		{D6EBE622-EFB0-4FA3-92C9-C7666FE64216}.Debug|Any CPU.ActiveCfg = Debug|Any CPU
		{D6EBE622-EFB0-4FA3-92C9-C7666FE64216}.Debug|Any CPU.Build.0 = Debug|Any CPU
		{D6EBE622-EFB0-4FA3-92C9-C7666FE64216}.Debug|Any CPU.Deploy.0 = Debug|Any CPU
		{D6EBE622-EFB0-4FA3-92C9-C7666FE64216}.Debug|ARM.ActiveCfg = Debug|Any CPU
		{D6EBE622-EFB0-4FA3-92C9-C7666FE64216}.Debug|ARM.Build.0 = Debug|Any CPU
		{D6EBE622-EFB0-4FA3-92C9-C7666FE64216}.Debug|ARM.Deploy.0 = Debug|Any CPU
		{D6EBE622-EFB0-4FA3-92C9-C7666FE64216}.Debug|iPhone.ActiveCfg = Debug|Any CPU
		{D6EBE622-EFB0-4FA3-92C9-C7666FE64216}.Debug|iPhone.Build.0 = Debug|Any CPU
		{D6EBE622-EFB0-4FA3-92C9-C7666FE64216}.Debug|iPhone.Deploy.0 = Debug|Any CPU
		{D6EBE622-EFB0-4FA3-92C9-C7666FE64216}.Debug|iPhoneSimulator.ActiveCfg = Debug|Any CPU
		{D6EBE622-EFB0-4FA3-92C9-C7666FE64216}.Debug|iPhoneSimulator.Build.0 = Debug|Any CPU
		{D6EBE622-EFB0-4FA3-92C9-C7666FE64216}.Debug|iPhoneSimulator.Deploy.0 = Debug|Any CPU
		{D6EBE622-EFB0-4FA3-92C9-C7666FE64216}.Debug|x64.ActiveCfg = Debug|Any CPU
		{D6EBE622-EFB0-4FA3-92C9-C7666FE64216}.Debug|x64.Build.0 = Debug|Any CPU
		{D6EBE622-EFB0-4FA3-92C9-C7666FE64216}.Debug|x64.Deploy.0 = Debug|Any CPU
		{D6EBE622-EFB0-4FA3-92C9-C7666FE64216}.Debug|x86.ActiveCfg = Debug|Any CPU
		{D6EBE622-EFB0-4FA3-92C9-C7666FE64216}.Debug|x86.Build.0 = Debug|Any CPU
		{D6EBE622-EFB0-4FA3-92C9-C7666FE64216}.Debug|x86.Deploy.0 = Debug|Any CPU
		{D6EBE622-EFB0-4FA3-92C9-C7666FE64216}.Release|Any CPU.ActiveCfg = Release|Any CPU
		{D6EBE622-EFB0-4FA3-92C9-C7666FE64216}.Release|Any CPU.Build.0 = Release|Any CPU
		{D6EBE622-EFB0-4FA3-92C9-C7666FE64216}.Release|Any CPU.Deploy.0 = Release|Any CPU
		{D6EBE622-EFB0-4FA3-92C9-C7666FE64216}.Release|ARM.ActiveCfg = Release|Any CPU
		{D6EBE622-EFB0-4FA3-92C9-C7666FE64216}.Release|ARM.Build.0 = Release|Any CPU
		{D6EBE622-EFB0-4FA3-92C9-C7666FE64216}.Release|ARM.Deploy.0 = Release|Any CPU
		{D6EBE622-EFB0-4FA3-92C9-C7666FE64216}.Release|iPhone.ActiveCfg = Release|Any CPU
		{D6EBE622-EFB0-4FA3-92C9-C7666FE64216}.Release|iPhone.Build.0 = Release|Any CPU
		{D6EBE622-EFB0-4FA3-92C9-C7666FE64216}.Release|iPhone.Deploy.0 = Release|Any CPU
		{D6EBE622-EFB0-4FA3-92C9-C7666FE64216}.Release|iPhoneSimulator.ActiveCfg = Release|Any CPU
		{D6EBE622-EFB0-4FA3-92C9-C7666FE64216}.Release|iPhoneSimulator.Build.0 = Release|Any CPU
		{D6EBE622-EFB0-4FA3-92C9-C7666FE64216}.Release|iPhoneSimulator.Deploy.0 = Release|Any CPU
		{D6EBE622-EFB0-4FA3-92C9-C7666FE64216}.Release|x64.ActiveCfg = Release|Any CPU
		{D6EBE622-EFB0-4FA3-92C9-C7666FE64216}.Release|x64.Build.0 = Release|Any CPU
		{D6EBE622-EFB0-4FA3-92C9-C7666FE64216}.Release|x64.Deploy.0 = Release|Any CPU
		{D6EBE622-EFB0-4FA3-92C9-C7666FE64216}.Release|x86.ActiveCfg = Release|Any CPU
		{D6EBE622-EFB0-4FA3-92C9-C7666FE64216}.Release|x86.Build.0 = Release|Any CPU
		{D6EBE622-EFB0-4FA3-92C9-C7666FE64216}.Release|x86.Deploy.0 = Release|Any CPU
	EndGlobalSection
	GlobalSection(SolutionProperties) = preSolution
		HideSolutionNode = FALSE
	EndGlobalSection
	GlobalSection(ExtensibilityGlobals) = postSolution
		SolutionGuid = {09FF7C05-7885-4433-A80C-B7B8EDBF80CD}
	EndGlobalSection
EndGlobal
